
Microsoft Visual Studio Solution File, Format Version 12.00
# Visual Studio Version 17
VisualStudioVersion = 17.2.32519.379
MinimumVisualStudioVersion = 10.0.40219.1
Project("{9A19103F-16F7-4668-BE54-9A1E7A4F7556}") = "excel_case", "excel_case.csproj", "{07200C67-42A1-4363-B9CA-F060C2EA9895}"
EndProject
Global
	GlobalSection(SolutionConfigurationPlatforms) = preSolution
		Debug|Any CPU = Debug|Any CPU
		Release|Any CPU = Release|Any CPU
	EndGlobalSection
	GlobalSection(ProjectConfigurationPlatforms) = postSolution
		{07200C67-42A1-4363-B9CA-F060C2EA9895}.Debug|Any CPU.ActiveCfg = Debug|Any CPU
		{07200C67-42A1-4363-B9CA-F060C2EA9895}.Debug|Any CPU.Build.0 = Debug|Any CPU
		{07200C67-42A1-4363-B9CA-F060C2EA9895}.Release|Any CPU.ActiveCfg = Release|Any CPU
		{07200C67-42A1-4363-B9CA-F060C2EA9895}.Release|Any CPU.Build.0 = Release|Any CPU
	EndGlobalSection
	GlobalSection(SolutionProperties) = preSolution
		HideSolutionNode = FALSE
	EndGlobalSection
	GlobalSection(ExtensibilityGlobals) = postSolution
		SolutionGuid = {0251D2C5-0515-44A9-9434-2E66E938ABA3}
	EndGlobalSection
EndGlobal
